
Microsoft Visual Studio Solution File, Format Version 12.00
# Visual Studio Version 16
VisualStudioVersion = 16.0.30621.155
MinimumVisualStudioVersion = 10.0.40219.1
Project("{FAE04EC0-301F-11D3-BF4B-00C04F79EFBC}") = "DBA_ADO_Connecte", "DBA_ADO_Connecte\DBA_ADO_Connecte.csproj", "{B95DA5BA-6EFC-4346-A628-ECB4E8233F58}"
EndProject
Project("{FAE04EC0-301F-11D3-BF4B-00C04F79EFBC}") = "DBA_ADO_Deconnecte", "DBA_ADO_Deconnecte\DBA_ADO_Deconnecte.csproj", "{15CBE1B0-0D64-4F15-A445-88575CCDFC7E}"
EndProject
Project("{FAE04EC0-301F-11D3-BF4B-00C04F79EFBC}") = "DBA_EF_ModelFirst", "DBA_EF_ModelFirst\DBA_EF_ModelFirst.csproj", "{5B74903A-AF4F-4A29-B570-8ED37C51C308}"
EndProject
Project("{FAE04EC0-301F-11D3-BF4B-00C04F79EFBC}") = "DBA_EF_DataBaseFirst", "DBA_EF_DataBaseFirst\DBA_EF_DataBaseFirst.csproj", "{42A392C3-5DA8-4510-9E81-3C772AF1BD91}"
EndProject
Project("{FAE04EC0-301F-11D3-BF4B-00C04F79EFBC}") = "DBA_EF_CodeFirst", "DBA_EF_CodeFirst\DBA_EF_CodeFirst.csproj", "{CAC207E2-3FB6-420D-A6EE-ABCCC7B256DA}"
EndProject
Global
	GlobalSection(SolutionConfigurationPlatforms) = preSolution
		Debug|Any CPU = Debug|Any CPU
		Release|Any CPU = Release|Any CPU
	EndGlobalSection
	GlobalSection(ProjectConfigurationPlatforms) = postSolution
		{B95DA5BA-6EFC-4346-A628-ECB4E8233F58}.Debug|Any CPU.ActiveCfg = Debug|Any CPU
		{B95DA5BA-6EFC-4346-A628-ECB4E8233F58}.Debug|Any CPU.Build.0 = Debug|Any CPU
		{B95DA5BA-6EFC-4346-A628-ECB4E8233F58}.Release|Any CPU.ActiveCfg = Release|Any CPU
		{B95DA5BA-6EFC-4346-A628-ECB4E8233F58}.Release|Any CPU.Build.0 = Release|Any CPU
		{15CBE1B0-0D64-4F15-A445-88575CCDFC7E}.Debug|Any CPU.ActiveCfg = Debug|Any CPU
		{15CBE1B0-0D64-4F15-A445-88575CCDFC7E}.Debug|Any CPU.Build.0 = Debug|Any CPU
		{15CBE1B0-0D64-4F15-A445-88575CCDFC7E}.Release|Any CPU.ActiveCfg = Release|Any CPU
		{15CBE1B0-0D64-4F15-A445-88575CCDFC7E}.Release|Any CPU.Build.0 = Release|Any CPU
		{5B74903A-AF4F-4A29-B570-8ED37C51C308}.Debug|Any CPU.ActiveCfg = Debug|Any CPU
		{5B74903A-AF4F-4A29-B570-8ED37C51C308}.Debug|Any CPU.Build.0 = Debug|Any CPU
		{5B74903A-AF4F-4A29-B570-8ED37C51C308}.Release|Any CPU.ActiveCfg = Release|Any CPU
		{5B74903A-AF4F-4A29-B570-8ED37C51C308}.Release|Any CPU.Build.0 = Release|Any CPU
		{42A392C3-5DA8-4510-9E81-3C772AF1BD91}.Debug|Any CPU.ActiveCfg = Debug|Any CPU
		{42A392C3-5DA8-4510-9E81-3C772AF1BD91}.Debug|Any CPU.Build.0 = Debug|Any CPU
		{42A392C3-5DA8-4510-9E81-3C772AF1BD91}.Release|Any CPU.ActiveCfg = Release|Any CPU
		{42A392C3-5DA8-4510-9E81-3C772AF1BD91}.Release|Any CPU.Build.0 = Release|Any CPU
		{CAC207E2-3FB6-420D-A6EE-ABCCC7B256DA}.Debug|Any CPU.ActiveCfg = Debug|Any CPU
		{CAC207E2-3FB6-420D-A6EE-ABCCC7B256DA}.Debug|Any CPU.Build.0 = Debug|Any CPU
		{CAC207E2-3FB6-420D-A6EE-ABCCC7B256DA}.Release|Any CPU.ActiveCfg = Release|Any CPU
		{CAC207E2-3FB6-420D-A6EE-ABCCC7B256DA}.Release|Any CPU.Build.0 = Release|Any CPU
	EndGlobalSection
	GlobalSection(SolutionProperties) = preSolution
		HideSolutionNode = FALSE
	EndGlobalSection
	GlobalSection(ExtensibilityGlobals) = postSolution
		SolutionGuid = {D98C34E9-0630-4A4A-9504-129C6C6EDD8C}
	EndGlobalSection
EndGlobal
